
Microsoft Visual Studio Solution File, Format Version 12.00
Project("{FAE04EC0-301F-11D3-BF4B-00C04F79EFBC}") = "DespesasWPF", "DespesasWPF\DespesasWPF.csproj", "{6CA624E7-B4F7-4DC7-AD5E-1B3A35BBCA31}"
EndProject
Global
	GlobalSection(SolutionConfigurationPlatforms) = preSolution
		Debug|Any CPU = Debug|Any CPU
		Release|Any CPU = Release|Any CPU
	EndGlobalSection
	GlobalSection(ProjectConfigurationPlatforms) = postSolution
		{6CA624E7-B4F7-4DC7-AD5E-1B3A35BBCA31}.Debug|Any CPU.ActiveCfg = Debug|Any CPU
		{6CA624E7-B4F7-4DC7-AD5E-1B3A35BBCA31}.Debug|Any CPU.Build.0 = Debug|Any CPU
		{6CA624E7-B4F7-4DC7-AD5E-1B3A35BBCA31}.Release|Any CPU.ActiveCfg = Release|Any CPU
		{6CA624E7-B4F7-4DC7-AD5E-1B3A35BBCA31}.Release|Any CPU.Build.0 = Release|Any CPU
	EndGlobalSection
EndGlobal
